// !$*UTF8*$!
{
	archiveVersion = 1;
	classes = {
	};
	objectVersion = 46;
	objects = {

/* Begin PBXBuildFile section */
		CD125E38151BD0CF00419F2A /* JBServicesBrowser.m in Sources */ = {isa = PBXBuildFile; fileRef = CD125E37151BD0CF00419F2A /* JBServicesBrowser.m */; };
		CD1F02F2151D0886008DD98A /* JBIMRoomsTableViewController.m in Sources */ = {isa = PBXBuildFile; fileRef = CD1F02F1151D0886008DD98A /* JBIMRoomsTableViewController.m */; };
		CD1F02F6151D0B9B008DD98A /* GCDAsyncSocket.m in Sources */ = {isa = PBXBuildFile; fileRef = CD1F02F5151D0B9B008DD98A /* GCDAsyncSocket.m */; settings = {COMPILER_FLAGS = "-fno-objc-arc"; }; };
		CD1F02F8151D0ED7008DD98A /* Security.framework in Frameworks */ = {isa = PBXBuildFile; fileRef = CD1F02F7151D0ED7008DD98A /* Security.framework */; };
		CD1F02FA151D103F008DD98A /* CFNetwork.framework in Frameworks */ = {isa = PBXBuildFile; fileRef = CD1F02F9151D103F008DD98A /* CFNetwork.framework */; };
		CD1F02FD151D1104008DD98A /* JBIMServer.m in Sources */ = {isa = PBXBuildFile; fileRef = CD1F02FC151D1104008DD98A /* JBIMServer.m */; };
		CD1F0300151D25BF008DD98A /* JBIMClient.m in Sources */ = {isa = PBXBuildFile; fileRef = CD1F02FF151D25BF008DD98A /* JBIMClient.m */; };
		CD5827B5151914680026E10A /* JBServicesBrowserTableViewController.m in Sources */ = {isa = PBXBuildFile; fileRef = CD5827B4151914680026E10A /* JBServicesBrowserTableViewController.m */; };
		CD60BE741509423B0000AD67 /* UIKit.framework in Frameworks */ = {isa = PBXBuildFile; fileRef = CD60BE731509423B0000AD67 /* UIKit.framework */; };
		CD60BE761509423B0000AD67 /* Foundation.framework in Frameworks */ = {isa = PBXBuildFile; fileRef = CD60BE751509423B0000AD67 /* Foundation.framework */; };
		CD60BE781509423B0000AD67 /* CoreGraphics.framework in Frameworks */ = {isa = PBXBuildFile; fileRef = CD60BE771509423B0000AD67 /* CoreGraphics.framework */; };
		CD60BE7E1509423B0000AD67 /* InfoPlist.strings in Resources */ = {isa = PBXBuildFile; fileRef = CD60BE7C1509423B0000AD67 /* InfoPlist.strings */; };
		CD60BE801509423B0000AD67 /* main.m in Sources */ = {isa = PBXBuildFile; fileRef = CD60BE7F1509423B0000AD67 /* main.m */; };
		CD60BE841509423B0000AD67 /* JBAppDelegate.m in Sources */ = {isa = PBXBuildFile; fileRef = CD60BE831509423B0000AD67 /* JBAppDelegate.m */; };
		CD60BE871509423B0000AD67 /* JBMasterViewController.m in Sources */ = {isa = PBXBuildFile; fileRef = CD60BE861509423B0000AD67 /* JBMasterViewController.m */; };
		CD60BE8A1509423B0000AD67 /* JBDetailViewController.m in Sources */ = {isa = PBXBuildFile; fileRef = CD60BE891509423B0000AD67 /* JBDetailViewController.m */; };
		CD60BE8D1509423B0000AD67 /* JBMasterViewController.xib in Resources */ = {isa = PBXBuildFile; fileRef = CD60BE8B1509423B0000AD67 /* JBMasterViewController.xib */; };
		CD60BE901509423B0000AD67 /* JBDetailViewController.xib in Resources */ = {isa = PBXBuildFile; fileRef = CD60BE8E1509423B0000AD67 /* JBDetailViewController.xib */; };
		CD60BE98150943AB0000AD67 /* JBPerson.m in Sources */ = {isa = PBXBuildFile; fileRef = CD60BE97150943AB0000AD67 /* JBPerson.m */; };
		CD60BE9B150952160000AD67 /* JBPersonTableViewCell.m in Sources */ = {isa = PBXBuildFile; fileRef = CD60BE9A150952160000AD67 /* JBPersonTableViewCell.m */; };
		CD8C7D49151F93380075CAAF /* JBMessage.m in Sources */ = {isa = PBXBuildFile; fileRef = CD8C7D48151F93380075CAAF /* JBMessage.m */; };
		CD8C7D4D151FE0000075CAAF /* JBUser.m in Sources */ = {isa = PBXBuildFile; fileRef = CD8C7D4C151FE0000075CAAF /* JBUser.m */; };
		CDA1499F150FD2040022608B /* cat.png in Resources */ = {isa = PBXBuildFile; fileRef = CDA1499E150FD2040022608B /* cat.png */; };
		CDD35A2B15124AF300AF2D7E /* JBMessageViewController.m in Sources */ = {isa = PBXBuildFile; fileRef = CDD35A2915124AF300AF2D7E /* JBMessageViewController.m */; };
		CDD35A2C15124AF300AF2D7E /* JBMessageViewController.xib in Resources */ = {isa = PBXBuildFile; fileRef = CDD35A2A15124AF300AF2D7E /* JBMessageViewController.xib */; };
		CDD35A3015124E7100AF2D7E /* JBCommunicationController.m in Sources */ = {isa = PBXBuildFile; fileRef = CDD35A2F15124E7100AF2D7E /* JBCommunicationController.m */; };
/* End PBXBuildFile section */

/* Begin PBXFileReference section */
		CD125E36151BD0CF00419F2A /* JBServicesBrowser.h */ = {isa = PBXFileReference; fileEncoding = 4; lastKnownFileType = sourcecode.c.h; path = JBServicesBrowser.h; sourceTree = "<group>"; };
		CD125E37151BD0CF00419F2A /* JBServicesBrowser.m */ = {isa = PBXFileReference; fileEncoding = 4; lastKnownFileType = sourcecode.c.objc; path = JBServicesBrowser.m; sourceTree = "<group>"; };
		CD1F02F0151D0886008DD98A /* JBIMRoomsTableViewController.h */ = {isa = PBXFileReference; fileEncoding = 4; lastKnownFileType = sourcecode.c.h; path = JBIMRoomsTableViewController.h; sourceTree = "<group>"; };
		CD1F02F1151D0886008DD98A /* JBIMRoomsTableViewController.m */ = {isa = PBXFileReference; fileEncoding = 4; lastKnownFileType = sourcecode.c.objc; path = JBIMRoomsTableViewController.m; sourceTree = "<group>"; };
		CD1F02F4151D0B9B008DD98A /* GCDAsyncSocket.h */ = {isa = PBXFileReference; fileEncoding = 4; lastKnownFileType = sourcecode.c.h; path = GCDAsyncSocket.h; sourceTree = "<group>"; };
		CD1F02F5151D0B9B008DD98A /* GCDAsyncSocket.m */ = {isa = PBXFileReference; fileEncoding = 4; lastKnownFileType = sourcecode.c.objc; path = GCDAsyncSocket.m; sourceTree = "<group>"; };
		CD1F02F7151D0ED7008DD98A /* Security.framework */ = {isa = PBXFileReference; lastKnownFileType = wrapper.framework; name = Security.framework; path = System/Library/Frameworks/Security.framework; sourceTree = SDKROOT; };
		CD1F02F9151D103F008DD98A /* CFNetwork.framework */ = {isa = PBXFileReference; lastKnownFileType = wrapper.framework; name = CFNetwork.framework; path = System/Library/Frameworks/CFNetwork.framework; sourceTree = SDKROOT; };
		CD1F02FB151D1104008DD98A /* JBIMServer.h */ = {isa = PBXFileReference; fileEncoding = 4; lastKnownFileType = sourcecode.c.h; path = JBIMServer.h; sourceTree = "<group>"; };
		CD1F02FC151D1104008DD98A /* JBIMServer.m */ = {isa = PBXFileReference; fileEncoding = 4; lastKnownFileType = sourcecode.c.objc; path = JBIMServer.m; sourceTree = "<group>"; };
		CD1F02FE151D25BF008DD98A /* JBIMClient.h */ = {isa = PBXFileReference; fileEncoding = 4; lastKnownFileType = sourcecode.c.h; path = JBIMClient.h; sourceTree = "<group>"; };
		CD1F02FF151D25BF008DD98A /* JBIMClient.m */ = {isa = PBXFileReference; fileEncoding = 4; lastKnownFileType = sourcecode.c.objc; path = JBIMClient.m; sourceTree = "<group>"; };
		CD5827B3151914680026E10A /* JBServicesBrowserTableViewController.h */ = {isa = PBXFileReference; fileEncoding = 4; lastKnownFileType = sourcecode.c.h; path = JBServicesBrowserTableViewController.h; sourceTree = "<group>"; };
		CD5827B4151914680026E10A /* JBServicesBrowserTableViewController.m */ = {isa = PBXFileReference; fileEncoding = 4; lastKnownFileType = sourcecode.c.objc; path = JBServicesBrowserTableViewController.m; sourceTree = "<group>"; };
		CD60BE6F1509423B0000AD67 /* Lecture12.app */ = {isa = PBXFileReference; explicitFileType = wrapper.application; includeInIndex = 0; path = Lecture12.app; sourceTree = BUILT_PRODUCTS_DIR; };
		CD60BE731509423B0000AD67 /* UIKit.framework */ = {isa = PBXFileReference; lastKnownFileType = wrapper.framework; name = UIKit.framework; path = System/Library/Frameworks/UIKit.framework; sourceTree = SDKROOT; };
		CD60BE751509423B0000AD67 /* Foundation.framework */ = {isa = PBXFileReference; lastKnownFileType = wrapper.framework; name = Foundation.framework; path = System/Library/Frameworks/Foundation.framework; sourceTree = SDKROOT; };
		CD60BE771509423B0000AD67 /* CoreGraphics.framework */ = {isa = PBXFileReference; lastKnownFileType = wrapper.framework; name = CoreGraphics.framework; path = System/Library/Frameworks/CoreGraphics.framework; sourceTree = SDKROOT; };
		CD60BE7B1509423B0000AD67 /* Lecture12-Info.plist */ = {isa = PBXFileReference; lastKnownFileType = text.plist.xml; path = "Lecture12-Info.plist"; sourceTree = "<group>"; };
		CD60BE7D1509423B0000AD67 /* en */ = {isa = PBXFileReference; lastKnownFileType = text.plist.strings; name = en; path = en.lproj/InfoPlist.strings; sourceTree = "<group>"; };
		CD60BE7F1509423B0000AD67 /* main.m */ = {isa = PBXFileReference; lastKnownFileType = sourcecode.c.objc; path = main.m; sourceTree = "<group>"; };
		CD60BE811509423B0000AD67 /* Lecture12-Prefix.pch */ = {isa = PBXFileReference; lastKnownFileType = sourcecode.c.h; path = "Lecture12-Prefix.pch"; sourceTree = "<group>"; };
		CD60BE821509423B0000AD67 /* JBAppDelegate.h */ = {isa = PBXFileReference; lastKnownFileType = sourcecode.c.h; path = JBAppDelegate.h; sourceTree = "<group>"; };
		CD60BE831509423B0000AD67 /* JBAppDelegate.m */ = {isa = PBXFileReference; lastKnownFileType = sourcecode.c.objc; path = JBAppDelegate.m; sourceTree = "<group>"; };
		CD60BE851509423B0000AD67 /* JBMasterViewController.h */ = {isa = PBXFileReference; lastKnownFileType = sourcecode.c.h; path = JBMasterViewController.h; sourceTree = "<group>"; };
		CD60BE861509423B0000AD67 /* JBMasterViewController.m */ = {isa = PBXFileReference; lastKnownFileType = sourcecode.c.objc; path = JBMasterViewController.m; sourceTree = "<group>"; };
		CD60BE881509423B0000AD67 /* JBDetailViewController.h */ = {isa = PBXFileReference; lastKnownFileType = sourcecode.c.h; path = JBDetailViewController.h; sourceTree = "<group>"; };
		CD60BE891509423B0000AD67 /* JBDetailViewController.m */ = {isa = PBXFileReference; lastKnownFileType = sourcecode.c.objc; path = JBDetailViewController.m; sourceTree = "<group>"; };
		CD60BE8C1509423B0000AD67 /* en */ = {isa = PBXFileReference; lastKnownFileType = file.xib; name = en; path = en.lproj/JBMasterViewController.xib; sourceTree = "<group>"; };
		CD60BE8F1509423B0000AD67 /* en */ = {isa = PBXFileReference; lastKnownFileType = file.xib; name = en; path = en.lproj/JBDetailViewController.xib; sourceTree = "<group>"; };
		CD60BE96150943AB0000AD67 /* JBPerson.h */ = {isa = PBXFileReference; fileEncoding = 4; lastKnownFileType = sourcecode.c.h; path = JBPerson.h; sourceTree = "<group>"; };
		CD60BE97150943AB0000AD67 /* JBPerson.m */ = {isa = PBXFileReference; fileEncoding = 4; lastKnownFileType = sourcecode.c.objc; path = JBPerson.m; sourceTree = "<group>"; };
		CD60BE99150952160000AD67 /* JBPersonTableViewCell.h */ = {isa = PBXFileReference; fileEncoding = 4; lastKnownFileType = sourcecode.c.h; path = JBPersonTableViewCell.h; sourceTree = "<group>"; };
		CD60BE9A150952160000AD67 /* JBPersonTableViewCell.m */ = {isa = PBXFileReference; fileEncoding = 4; lastKnownFileType = sourcecode.c.objc; path = JBPersonTableViewCell.m; sourceTree = "<group>"; };
		CD8C7D47151F93380075CAAF /* JBMessage.h */ = {isa = PBXFileReference; fileEncoding = 4; lastKnownFileType = sourcecode.c.h; path = JBMessage.h; sourceTree = "<group>"; };
		CD8C7D48151F93380075CAAF /* JBMessage.m */ = {isa = PBXFileReference; fileEncoding = 4; lastKnownFileType = sourcecode.c.objc; path = JBMessage.m; sourceTree = "<group>"; };
		CD8C7D4B151FE0000075CAAF /* JBUser.h */ = {isa = PBXFileReference; fileEncoding = 4; lastKnownFileType = sourcecode.c.h; path = JBUser.h; sourceTree = "<group>"; };
		CD8C7D4C151FE0000075CAAF /* JBUser.m */ = {isa = PBXFileReference; fileEncoding = 4; lastKnownFileType = sourcecode.c.objc; path = JBUser.m; sourceTree = "<group>"; };
		CDA1499E150FD2040022608B /* cat.png */ = {isa = PBXFileReference; lastKnownFileType = image.png; path = cat.png; sourceTree = "<group>"; };
		CDD35A2815124AF300AF2D7E /* JBMessageViewController.h */ = {isa = PBXFileReference; fileEncoding = 4; lastKnownFileType = sourcecode.c.h; path = JBMessageViewController.h; sourceTree = "<group>"; };
		CDD35A2915124AF300AF2D7E /* JBMessageViewController.m */ = {isa = PBXFileReference; fileEncoding = 4; lastKnownFileType = sourcecode.c.objc; path = JBMessageViewController.m; sourceTree = "<group>"; };
		CDD35A2A15124AF300AF2D7E /* JBMessageViewController.xib */ = {isa = PBXFileReference; fileEncoding = 4; lastKnownFileType = file.xib; path = JBMessageViewController.xib; sourceTree = "<group>"; };
		CDD35A2E15124E7100AF2D7E /* JBCommunicationController.h */ = {isa = PBXFileReference; fileEncoding = 4; lastKnownFileType = sourcecode.c.h; path = JBCommunicationController.h; sourceTree = "<group>"; };
		CDD35A2F15124E7100AF2D7E /* JBCommunicationController.m */ = {isa = PBXFileReference; fileEncoding = 4; lastKnownFileType = sourcecode.c.objc; path = JBCommunicationController.m; sourceTree = "<group>"; };
/* End PBXFileReference section */

/* Begin PBXFrameworksBuildPhase section */
		CD60BE6C1509423B0000AD67 /* Frameworks */ = {
			isa = PBXFrameworksBuildPhase;
			buildActionMask = 2147483647;
			files = (
				CD1F02FA151D103F008DD98A /* CFNetwork.framework in Frameworks */,
				CD1F02F8151D0ED7008DD98A /* Security.framework in Frameworks */,
				CD60BE741509423B0000AD67 /* UIKit.framework in Frameworks */,
				CD60BE761509423B0000AD67 /* Foundation.framework in Frameworks */,
				CD60BE781509423B0000AD67 /* CoreGraphics.framework in Frameworks */,
			);
			runOnlyForDeploymentPostprocessing = 0;
		};
/* End PBXFrameworksBuildPhase section */

/* Begin PBXGroup section */
		CD60BE641509423B0000AD67 = {
			isa = PBXGroup;
			children = (
				CD60BE791509423B0000AD67 /* Lecture12 */,
				CD60BE721509423B0000AD67 /* Frameworks */,
				CD60BE701509423B0000AD67 /* Products */,
			);
			sourceTree = "<group>";
		};
		CD60BE701509423B0000AD67 /* Products */ = {
			isa = PBXGroup;
			children = (
				CD60BE6F1509423B0000AD67 /* Lecture12.app */,
			);
			name = Products;
			sourceTree = "<group>";
		};
		CD60BE721509423B0000AD67 /* Frameworks */ = {
			isa = PBXGroup;
			children = (
				CD1F02F9151D103F008DD98A /* CFNetwork.framework */,
				CD1F02F7151D0ED7008DD98A /* Security.framework */,
				CD60BE731509423B0000AD67 /* UIKit.framework */,
				CD60BE751509423B0000AD67 /* Foundation.framework */,
				CD60BE771509423B0000AD67 /* CoreGraphics.framework */,
			);
			name = Frameworks;
			sourceTree = "<group>";
		};
		CD60BE791509423B0000AD67 /* Lecture12 */ = {
			isa = PBXGroup;
			children = (
				CD60BE821509423B0000AD67 /* JBAppDelegate.h */,
				CD60BE831509423B0000AD67 /* JBAppDelegate.m */,
				CD60BE851509423B0000AD67 /* JBMasterViewController.h */,
				CD60BE861509423B0000AD67 /* JBMasterViewController.m */,
				CD60BE881509423B0000AD67 /* JBDetailViewController.h */,
				CD60BE891509423B0000AD67 /* JBDetailViewController.m */,
				CD60BE8B1509423B0000AD67 /* JBMasterViewController.xib */,
				CD60BE8E1509423B0000AD67 /* JBDetailViewController.xib */,
				CD60BE7A1509423B0000AD67 /* Supporting Files */,
				CD60BE96150943AB0000AD67 /* JBPerson.h */,
				CD60BE97150943AB0000AD67 /* JBPerson.m */,
				CD60BE99150952160000AD67 /* JBPersonTableViewCell.h */,
				CD60BE9A150952160000AD67 /* JBPersonTableViewCell.m */,
				CDA1499E150FD2040022608B /* cat.png */,
				CDD35A2815124AF300AF2D7E /* JBMessageViewController.h */,
				CDD35A2915124AF300AF2D7E /* JBMessageViewController.m */,
				CDD35A2A15124AF300AF2D7E /* JBMessageViewController.xib */,
				CDD35A2E15124E7100AF2D7E /* JBCommunicationController.h */,
				CDD35A2F15124E7100AF2D7E /* JBCommunicationController.m */,
				CD5827B3151914680026E10A /* JBServicesBrowserTableViewController.h */,
				CD5827B4151914680026E10A /* JBServicesBrowserTableViewController.m */,
				CD125E36151BD0CF00419F2A /* JBServicesBrowser.h */,
				CD125E37151BD0CF00419F2A /* JBServicesBrowser.m */,
				CD1F02F0151D0886008DD98A /* JBIMRoomsTableViewController.h */,
				CD1F02F1151D0886008DD98A /* JBIMRoomsTableViewController.m */,
				CD1F02F4151D0B9B008DD98A /* GCDAsyncSocket.h */,
				CD1F02F5151D0B9B008DD98A /* GCDAsyncSocket.m */,
				CD1F02FB151D1104008DD98A /* JBIMServer.h */,
				CD1F02FC151D1104008DD98A /* JBIMServer.m */,
				CD1F02FE151D25BF008DD98A /* JBIMClient.h */,
				CD1F02FF151D25BF008DD98A /* JBIMClient.m */,
				CD8C7D47151F93380075CAAF /* JBMessage.h */,
				CD8C7D48151F93380075CAAF /* JBMessage.m */,
				CD8C7D4B151FE0000075CAAF /* JBUser.h */,
				CD8C7D4C151FE0000075CAAF /* JBUser.m */,
			);
			path = Lecture12;
			sourceTree = "<group>";
		};
		CD60BE7A1509423B0000AD67 /* Supporting Files */ = {
			isa = PBXGroup;
			children = (
				CD60BE7B1509423B0000AD67 /* Lecture12-Info.plist */,
				CD60BE7C1509423B0000AD67 /* InfoPlist.strings */,
				CD60BE7F1509423B0000AD67 /* main.m */,
				CD60BE811509423B0000AD67 /* Lecture12-Prefix.pch */,
			);
			name = "Supporting Files";
			sourceTree = "<group>";
		};
/* End PBXGroup section */

/* Begin PBXNativeTarget section */
		CD60BE6E1509423B0000AD67 /* Lecture12 */ = {
			isa = PBXNativeTarget;
			buildConfigurationList = CD60BE931509423B0000AD67 /* Build configuration list for PBXNativeTarget "Lecture12" */;
			buildPhases = (
				CD60BE6B1509423B0000AD67 /* Sources */,
				CD60BE6C1509423B0000AD67 /* Frameworks */,
				CD60BE6D1509423B0000AD67 /* Resources */,
			);
			buildRules = (
			);
			dependencies = (
			);
			name = Lecture12;
			productName = Lecture12;
			productReference = CD60BE6F1509423B0000AD67 /* Lecture12.app */;
			productType = "com.apple.product-type.application";
		};
/* End PBXNativeTarget section */

/* Begin PBXProject section */
		CD60BE661509423B0000AD67 /* Project object */ = {
			isa = PBXProject;
			attributes = {
				CLASSPREFIX = JB;
				LastUpgradeCheck = 0430;
				ORGANIZATIONNAME = "Jason Brennan";
			};
			buildConfigurationList = CD60BE691509423B0000AD67 /* Build configuration list for PBXProject "Lecture12" */;
			compatibilityVersion = "Xcode 3.2";
			developmentRegion = English;
			hasScannedForEncodings = 0;
			knownRegions = (
				en,
			);
			mainGroup = CD60BE641509423B0000AD67;
			productRefGroup = CD60BE701509423B0000AD67 /* Products */;
			projectDirPath = "";
			projectRoot = "";
			targets = (
				CD60BE6E1509423B0000AD67 /* Lecture12 */,
			);
		};
/* End PBXProject section */

/* Begin PBXResourcesBuildPhase section */
		CD60BE6D1509423B0000AD67 /* Resources */ = {
			isa = PBXResourcesBuildPhase;
			buildActionMask = 2147483647;
			files = (
				CD60BE7E1509423B0000AD67 /* InfoPlist.strings in Resources */,
				CD60BE8D1509423B0000AD67 /* JBMasterViewController.xib in Resources */,
				CD60BE901509423B0000AD67 /* JBDetailViewController.xib in Resources */,
				CDA1499F150FD2040022608B /* cat.png in Resources */,
				CDD35A2C15124AF300AF2D7E /* JBMessageViewController.xib in Resources */,
			);
			runOnlyForDeploymentPostprocessing = 0;
		};
/* End PBXResourcesBuildPhase section */

/* Begin PBXSourcesBuildPhase section */
		CD60BE6B1509423B0000AD67 /* Sources */ = {
			isa = PBXSourcesBuildPhase;
			buildActionMask = 2147483647;
			files = (
				CD60BE801509423B0000AD67 /* main.m in Sources */,
				CD60BE841509423B0000AD67 /* JBAppDelegate.m in Sources */,
				CD60BE871509423B0000AD67 /* JBMasterViewController.m in Sources */,
				CD60BE8A1509423B0000AD67 /* JBDetailViewController.m in Sources */,
				CD60BE98150943AB0000AD67 /* JBPerson.m in Sources */,
				CD60BE9B150952160000AD67 /* JBPersonTableViewCell.m in Sources */,
				CDD35A2B15124AF300AF2D7E /* JBMessageViewController.m in Sources */,
				CDD35A3015124E7100AF2D7E /* JBCommunicationController.m in Sources */,
				CD5827B5151914680026E10A /* JBServicesBrowserTableViewController.m in Sources */,
				CD125E38151BD0CF00419F2A /* JBServicesBrowser.m in Sources */,
				CD1F02F2151D0886008DD98A /* JBIMRoomsTableViewController.m in Sources */,
				CD1F02F6151D0B9B008DD98A /* GCDAsyncSocket.m in Sources */,
				CD1F02FD151D1104008DD98A /* JBIMServer.m in Sources */,
				CD1F0300151D25BF008DD98A /* JBIMClient.m in Sources */,
				CD8C7D49151F93380075CAAF /* JBMessage.m in Sources */,
				CD8C7D4D151FE0000075CAAF /* JBUser.m in Sources */,
			);
			runOnlyForDeploymentPostprocessing = 0;
		};
/* End PBXSourcesBuildPhase section */

/* Begin PBXVariantGroup section */
		CD60BE7C1509423B0000AD67 /* InfoPlist.strings */ = {
			isa = PBXVariantGroup;
			children = (
				CD60BE7D1509423B0000AD67 /* en */,
			);
			name = InfoPlist.strings;
			sourceTree = "<group>";
		};
		CD60BE8B1509423B0000AD67 /* JBMasterViewController.xib */ = {
			isa = PBXVariantGroup;
			children = (
				CD60BE8C1509423B0000AD67 /* en */,
			);
			name = JBMasterViewController.xib;
			sourceTree = "<group>";
		};
		CD60BE8E1509423B0000AD67 /* JBDetailViewController.xib */ = {
			isa = PBXVariantGroup;
			children = (
				CD60BE8F1509423B0000AD67 /* en */,
			);
			name = JBDetailViewController.xib;
			sourceTree = "<group>";
		};
/* End PBXVariantGroup section */

/* Begin XCBuildConfiguration section */
		CD60BE911509423B0000AD67 /* Debug */ = {
			isa = XCBuildConfiguration;
			buildSettings = {
				ALWAYS_SEARCH_USER_PATHS = NO;
				ARCHS = "$(ARCHS_STANDARD_32_BIT)";
				CLANG_ENABLE_OBJC_ARC = YES;
				"CODE_SIGN_IDENTITY[sdk=iphoneos*]" = "iPhone Developer";
				COPY_PHASE_STRIP = NO;
				GCC_C_LANGUAGE_STANDARD = gnu99;
				GCC_DYNAMIC_NO_PIC = NO;
				GCC_OPTIMIZATION_LEVEL = 0;
				GCC_PREPROCESSOR_DEFINITIONS = (
					"DEBUG=1",
					"$(inherited)",
				);
				GCC_SYMBOLS_PRIVATE_EXTERN = NO;
				GCC_TREAT_WARNINGS_AS_ERRORS = YES;
				GCC_VERSION = com.apple.compilers.llvm.clang.1_0;
				GCC_WARN_ABOUT_RETURN_TYPE = YES;
				GCC_WARN_UNINITIALIZED_AUTOS = YES;
				GCC_WARN_UNUSED_VARIABLE = YES;
				IPHONEOS_DEPLOYMENT_TARGET = 5.1;
				SDKROOT = iphoneos;
			};
			name = Debug;
		};
		CD60BE921509423B0000AD67 /* Release */ = {
			isa = XCBuildConfiguration;
			buildSettings = {
				ALWAYS_SEARCH_USER_PATHS = NO;
				ARCHS = "$(ARCHS_STANDARD_32_BIT)";
				CLANG_ENABLE_OBJC_ARC = YES;
				"CODE_SIGN_IDENTITY[sdk=iphoneos*]" = "iPhone Developer";
				COPY_PHASE_STRIP = YES;
				GCC_C_LANGUAGE_STANDARD = gnu99;
				GCC_TREAT_WARNINGS_AS_ERRORS = YES;
				GCC_VERSION = com.apple.compilers.llvm.clang.1_0;
				GCC_WARN_ABOUT_RETURN_TYPE = YES;
				GCC_WARN_UNINITIALIZED_AUTOS = YES;
				GCC_WARN_UNUSED_VARIABLE = YES;
				IPHONEOS_DEPLOYMENT_TARGET = 5.1;
				OTHER_CFLAGS = "-DNS_BLOCK_ASSERTIONS=1";
				SDKROOT = iphoneos;
				VALIDATE_PRODUCT = YES;
			};
			name = Release;
		};
		CD60BE941509423B0000AD67 /* Debug */ = {
			isa = XCBuildConfiguration;
			buildSettings = {
				GCC_PRECOMPILE_PREFIX_HEADER = YES;
				GCC_PREFIX_HEADER = "Lecture12/Lecture12-Prefix.pch";
				INFOPLIST_FILE = "Lecture12/Lecture12-Info.plist";
				PRODUCT_NAME = "$(TARGET_NAME)";
				WRAPPER_EXTENSION = app;
			};
			name = Debug;
		};
		CD60BE951509423B0000AD67 /* Release */ = {
			isa = XCBuildConfiguration;
			buildSettings = {
				GCC_PRECOMPILE_PREFIX_HEADER = YES;
				GCC_PREFIX_HEADER = "Lecture12/Lecture12-Prefix.pch";
				INFOPLIST_FILE = "Lecture12/Lecture12-Info.plist";
				PRODUCT_NAME = "$(TARGET_NAME)";
				WRAPPER_EXTENSION = app;
			};
			name = Release;
		};
/* End XCBuildConfiguration section */

/* Begin XCConfigurationList section */
		CD60BE691509423B0000AD67 /* Build configuration list for PBXProject "Lecture12" */ = {
			isa = XCConfigurationList;
			buildConfigurations = (
				CD60BE911509423B0000AD67 /* Debug */,
				CD60BE921509423B0000AD67 /* Release */,
			);
			defaultConfigurationIsVisible = 0;
			defaultConfigurationName = Release;
		};
		CD60BE931509423B0000AD67 /* Build configuration list for PBXNativeTarget "Lecture12" */ = {
			isa = XCConfigurationList;
			buildConfigurations = (
				CD60BE941509423B0000AD67 /* Debug */,
				CD60BE951509423B0000AD67 /* Release */,
			);
			defaultConfigurationIsVisible = 0;
			defaultConfigurationName = Release;
		};
/* End XCConfigurationList section */
	};
	rootObject = CD60BE661509423B0000AD67 /* Project object */;
}
